
Microsoft Visual Studio Solution File, Format Version 12.00
# Visual Studio Version 17
VisualStudioVersion = 17.14.36930.0 d17.14
MinimumVisualStudioVersion = 10.0.40219.1
Project("{FAE04EC0-301F-11D3-BF4B-00C04F79EFBC}") = "Ecoex_Academy_Api", "Ecoex_Academy_Api.csproj", "{B086A234-CD2B-434E-AC76-3DB23B33AFD8}"
EndProject
Global
	GlobalSection(SolutionConfigurationPlatforms) = preSolution
		Debug|Any CPU = Debug|Any CPU
		Release|Any CPU = Release|Any CPU
	EndGlobalSection
	GlobalSection(ProjectConfigurationPlatforms) = postSolution
		{B086A234-CD2B-434E-AC76-3DB23B33AFD8}.Debug|Any CPU.ActiveCfg = Debug|Any CPU
		{B086A234-CD2B-434E-AC76-3DB23B33AFD8}.Debug|Any CPU.Build.0 = Debug|Any CPU
		{B086A234-CD2B-434E-AC76-3DB23B33AFD8}.Release|Any CPU.ActiveCfg = Release|Any CPU
		{B086A234-CD2B-434E-AC76-3DB23B33AFD8}.Release|Any CPU.Build.0 = Release|Any CPU
	EndGlobalSection
	GlobalSection(SolutionProperties) = preSolution
		HideSolutionNode = FALSE
	EndGlobalSection
	GlobalSection(ExtensibilityGlobals) = postSolution
		SolutionGuid = {B98BC29E-6708-4F70-AA87-5DF1E383028D}
	EndGlobalSection
EndGlobal
